// !$*UTF8*$!
{
	archiveVersion = 1;
	classes = {
	};
	objectVersion = 50;
	objects = {

/* Begin PBXBuildFile section */
		2DE774E525CFD10F008B0B40 /* todomvc_swiftuiApp.swift in Sources */ = {isa = PBXBuildFile; fileRef = 2DE774E425CFD10F008B0B40 /* todomvc_swiftuiApp.swift */; };
		2DE774E725CFD10F008B0B40 /* ContentView.swift in Sources */ = {isa = PBXBuildFile; fileRef = 2DE774E625CFD10F008B0B40 /* ContentView.swift */; };
		2DE774E925CFD111008B0B40 /* Assets.xcassets in Resources */ = {isa = PBXBuildFile; fileRef = 2DE774E825CFD111008B0B40 /* Assets.xcassets */; };
		2DE774EC25CFD111008B0B40 /* Preview Assets.xcassets in Resources */ = {isa = PBXBuildFile; fileRef = 2DE774EB25CFD111008B0B40 /* Preview Assets.xcassets */; };
		2DE774EE25CFD111008B0B40 /* Persistence.swift in Sources */ = {isa = PBXBuildFile; fileRef = 2DE774ED25CFD111008B0B40 /* Persistence.swift */; };
		2DE774F125CFD111008B0B40 /* todomvc_swiftui.xcdatamodeld in Sources */ = {isa = PBXBuildFile; fileRef = 2DE774EF25CFD111008B0B40 /* todomvc_swiftui.xcdatamodeld */; };
		2DE774FC25CFD111008B0B40 /* todomvc_swiftuiTests.swift in Sources */ = {isa = PBXBuildFile; fileRef = 2DE774FB25CFD111008B0B40 /* todomvc_swiftuiTests.swift */; };
		2DE7750725CFD111008B0B40 /* todomvc_swiftuiUITests.swift in Sources */ = {isa = PBXBuildFile; fileRef = 2DE7750625CFD111008B0B40 /* todomvc_swiftuiUITests.swift */; };
		2DE7752A25CFD499008B0B40 /* HomeView.swift in Sources */ = {isa = PBXBuildFile; fileRef = 2DE7752925CFD499008B0B40 /* HomeView.swift */; };
/* End PBXBuildFile section */

/* Begin PBXContainerItemProxy section */
		2DE774F825CFD111008B0B40 /* PBXContainerItemProxy */ = {
			isa = PBXContainerItemProxy;
			containerPortal = 2DE774D925CFD10F008B0B40 /* Project object */;
			proxyType = 1;
			remoteGlobalIDString = 2DE774E025CFD10F008B0B40;
			remoteInfo = "todomvc-swiftui";
		};
		2DE7750325CFD111008B0B40 /* PBXContainerItemProxy */ = {
			isa = PBXContainerItemProxy;
			containerPortal = 2DE774D925CFD10F008B0B40 /* Project object */;
			proxyType = 1;
			remoteGlobalIDString = 2DE774E025CFD10F008B0B40;
			remoteInfo = "todomvc-swiftui";
		};
/* End PBXContainerItemProxy section */

/* Begin PBXFileReference section */
		2DE774E125CFD10F008B0B40 /* todomvc-swiftui.app */ = {isa = PBXFileReference; explicitFileType = wrapper.application; includeInIndex = 0; path = "todomvc-swiftui.app"; sourceTree = BUILT_PRODUCTS_DIR; };
		2DE774E425CFD10F008B0B40 /* todomvc_swiftuiApp.swift */ = {isa = PBXFileReference; lastKnownFileType = sourcecode.swift; path = todomvc_swiftuiApp.swift; sourceTree = "<group>"; };
		2DE774E625CFD10F008B0B40 /* ContentView.swift */ = {isa = PBXFileReference; lastKnownFileType = sourcecode.swift; path = ContentView.swift; sourceTree = "<group>"; };
		2DE774E825CFD111008B0B40 /* Assets.xcassets */ = {isa = PBXFileReference; lastKnownFileType = folder.assetcatalog; path = Assets.xcassets; sourceTree = "<group>"; };
		2DE774EB25CFD111008B0B40 /* Preview Assets.xcassets */ = {isa = PBXFileReference; lastKnownFileType = folder.assetcatalog; path = "Preview Assets.xcassets"; sourceTree = "<group>"; };
		2DE774ED25CFD111008B0B40 /* Persistence.swift */ = {isa = PBXFileReference; lastKnownFileType = sourcecode.swift; path = Persistence.swift; sourceTree = "<group>"; };
		2DE774F025CFD111008B0B40 /* todomvc_swiftui.xcdatamodel */ = {isa = PBXFileReference; lastKnownFileType = wrapper.xcdatamodel; path = todomvc_swiftui.xcdatamodel; sourceTree = "<group>"; };
		2DE774F225CFD111008B0B40 /* Info.plist */ = {isa = PBXFileReference; lastKnownFileType = text.plist.xml; path = Info.plist; sourceTree = "<group>"; };
		2DE774F725CFD111008B0B40 /* todomvc-swiftuiTests.xctest */ = {isa = PBXFileReference; explicitFileType = wrapper.cfbundle; includeInIndex = 0; path = "todomvc-swiftuiTests.xctest"; sourceTree = BUILT_PRODUCTS_DIR; };
		2DE774FB25CFD111008B0B40 /* todomvc_swiftuiTests.swift */ = {isa = PBXFileReference; lastKnownFileType = sourcecode.swift; path = todomvc_swiftuiTests.swift; sourceTree = "<group>"; };
		2DE774FD25CFD111008B0B40 /* Info.plist */ = {isa = PBXFileReference; lastKnownFileType = text.plist.xml; path = Info.plist; sourceTree = "<group>"; };
		2DE7750225CFD111008B0B40 /* todomvc-swiftuiUITests.xctest */ = {isa = PBXFileReference; explicitFileType = wrapper.cfbundle; includeInIndex = 0; path = "todomvc-swiftuiUITests.xctest"; sourceTree = BUILT_PRODUCTS_DIR; };
		2DE7750625CFD111008B0B40 /* todomvc_swiftuiUITests.swift */ = {isa = PBXFileReference; lastKnownFileType = sourcecode.swift; path = todomvc_swiftuiUITests.swift; sourceTree = "<group>"; };
		2DE7750825CFD111008B0B40 /* Info.plist */ = {isa = PBXFileReference; lastKnownFileType = text.plist.xml; path = Info.plist; sourceTree = "<group>"; };
		2DE7751A25CFD12B008B0B40 /* todomvc-swiftui.entitlements */ = {isa = PBXFileReference; lastKnownFileType = text.plist.entitlements; path = "todomvc-swiftui.entitlements"; sourceTree = "<group>"; };
		2DE7752925CFD499008B0B40 /* HomeView.swift */ = {isa = PBXFileReference; lastKnownFileType = sourcecode.swift; path = HomeView.swift; sourceTree = "<group>"; };
/* End PBXFileReference section */

/* Begin PBXFrameworksBuildPhase section */
		2DE774DE25CFD10F008B0B40 /* Frameworks */ = {
			isa = PBXFrameworksBuildPhase;
			buildActionMask = 2147483647;
			files = (
			);
			runOnlyForDeploymentPostprocessing = 0;
		};
		2DE774F425CFD111008B0B40 /* Frameworks */ = {
			isa = PBXFrameworksBuildPhase;
			buildActionMask = 2147483647;
			files = (
			);
			runOnlyForDeploymentPostprocessing = 0;
		};
		2DE774FF25CFD111008B0B40 /* Frameworks */ = {
			isa = PBXFrameworksBuildPhase;
			buildActionMask = 2147483647;
			files = (
			);
			runOnlyForDeploymentPostprocessing = 0;
		};
/* End PBXFrameworksBuildPhase section */

/* Begin PBXGroup section */
		2DE774D825CFD10F008B0B40 = {
			isa = PBXGroup;
			children = (
				2DE774E325CFD10F008B0B40 /* todomvc-swiftui */,
				2DE774FA25CFD111008B0B40 /* todomvc-swiftuiTests */,
				2DE7750525CFD111008B0B40 /* todomvc-swiftuiUITests */,
				2DE774E225CFD10F008B0B40 /* Products */,
			);
			sourceTree = "<group>";
		};
		2DE774E225CFD10F008B0B40 /* Products */ = {
			isa = PBXGroup;
			children = (
				2DE774E125CFD10F008B0B40 /* todomvc-swiftui.app */,
				2DE774F725CFD111008B0B40 /* todomvc-swiftuiTests.xctest */,
				2DE7750225CFD111008B0B40 /* todomvc-swiftuiUITests.xctest */,
			);
			name = Products;
			sourceTree = "<group>";
		};
		2DE774E325CFD10F008B0B40 /* todomvc-swiftui */ = {
			isa = PBXGroup;
			children = (
				2DE7751A25CFD12B008B0B40 /* todomvc-swiftui.entitlements */,
				2DE774E425CFD10F008B0B40 /* todomvc_swiftuiApp.swift */,
				2DE774E625CFD10F008B0B40 /* ContentView.swift */,
				2DE7752925CFD499008B0B40 /* HomeView.swift */,
				2DE774E825CFD111008B0B40 /* Assets.xcassets */,
				2DE774ED25CFD111008B0B40 /* Persistence.swift */,
				2DE774F225CFD111008B0B40 /* Info.plist */,
				2DE774EF25CFD111008B0B40 /* todomvc_swiftui.xcdatamodeld */,
				2DE774EA25CFD111008B0B40 /* Preview Content */,
			);
			path = "todomvc-swiftui";
			sourceTree = "<group>";
		};
		2DE774EA25CFD111008B0B40 /* Preview Content */ = {
			isa = PBXGroup;
			children = (
				2DE774EB25CFD111008B0B40 /* Preview Assets.xcassets */,
			);
			path = "Preview Content";
			sourceTree = "<group>";
		};
		2DE774FA25CFD111008B0B40 /* todomvc-swiftuiTests */ = {
			isa = PBXGroup;
			children = (
				2DE774FB25CFD111008B0B40 /* todomvc_swiftuiTests.swift */,
				2DE774FD25CFD111008B0B40 /* Info.plist */,
			);
			path = "todomvc-swiftuiTests";
			sourceTree = "<group>";
		};
		2DE7750525CFD111008B0B40 /* todomvc-swiftuiUITests */ = {
			isa = PBXGroup;
			children = (
				2DE7750625CFD111008B0B40 /* todomvc_swiftuiUITests.swift */,
				2DE7750825CFD111008B0B40 /* Info.plist */,
			);
			path = "todomvc-swiftuiUITests";
			sourceTree = "<group>";
		};
/* End PBXGroup section */

/* Begin PBXNativeTarget section */
		2DE774E025CFD10F008B0B40 /* todomvc-swiftui */ = {
			isa = PBXNativeTarget;
			buildConfigurationList = 2DE7750B25CFD111008B0B40 /* Build configuration list for PBXNativeTarget "todomvc-swiftui" */;
			buildPhases = (
				2DE774DD25CFD10F008B0B40 /* Sources */,
				2DE774DE25CFD10F008B0B40 /* Frameworks */,
				2DE774DF25CFD10F008B0B40 /* Resources */,
			);
			buildRules = (
			);
			dependencies = (
			);
			name = "todomvc-swiftui";
			productName = "todomvc-swiftui";
			productReference = 2DE774E125CFD10F008B0B40 /* todomvc-swiftui.app */;
			productType = "com.apple.product-type.application";
		};
		2DE774F625CFD111008B0B40 /* todomvc-swiftuiTests */ = {
			isa = PBXNativeTarget;
			buildConfigurationList = 2DE7750E25CFD111008B0B40 /* Build configuration list for PBXNativeTarget "todomvc-swiftuiTests" */;
			buildPhases = (
				2DE774F325CFD111008B0B40 /* Sources */,
				2DE774F425CFD111008B0B40 /* Frameworks */,
				2DE774F525CFD111008B0B40 /* Resources */,
			);
			buildRules = (
			);
			dependencies = (
				2DE774F925CFD111008B0B40 /* PBXTargetDependency */,
			);
			name = "todomvc-swiftuiTests";
			productName = "todomvc-swiftuiTests";
			productReference = 2DE774F725CFD111008B0B40 /* todomvc-swiftuiTests.xctest */;
			productType = "com.apple.product-type.bundle.unit-test";
		};
		2DE7750125CFD111008B0B40 /* todomvc-swiftuiUITests */ = {
			isa = PBXNativeTarget;
			buildConfigurationList = 2DE7751125CFD111008B0B40 /* Build configuration list for PBXNativeTarget "todomvc-swiftuiUITests" */;
			buildPhases = (
				2DE774FE25CFD111008B0B40 /* Sources */,
				2DE774FF25CFD111008B0B40 /* Frameworks */,
				2DE7750025CFD111008B0B40 /* Resources */,
			);
			buildRules = (
			);
			dependencies = (
				2DE7750425CFD111008B0B40 /* PBXTargetDependency */,
			);
			name = "todomvc-swiftuiUITests";
			productName = "todomvc-swiftuiUITests";
			productReference = 2DE7750225CFD111008B0B40 /* todomvc-swiftuiUITests.xctest */;
			productType = "com.apple.product-type.bundle.ui-testing";
		};
/* End PBXNativeTarget section */

/* Begin PBXProject section */
		2DE774D925CFD10F008B0B40 /* Project object */ = {
			isa = PBXProject;
			attributes = {
				LastSwiftUpdateCheck = 1240;
				LastUpgradeCheck = 1240;
				TargetAttributes = {
					2DE774E025CFD10F008B0B40 = {
						CreatedOnToolsVersion = 12.4;
					};
					2DE774F625CFD111008B0B40 = {
						CreatedOnToolsVersion = 12.4;
						TestTargetID = 2DE774E025CFD10F008B0B40;
					};
					2DE7750125CFD111008B0B40 = {
						CreatedOnToolsVersion = 12.4;
						TestTargetID = 2DE774E025CFD10F008B0B40;
					};
				};
			};
			buildConfigurationList = 2DE774DC25CFD10F008B0B40 /* Build configuration list for PBXProject "todomvc-swiftui" */;
			compatibilityVersion = "Xcode 9.3";
			developmentRegion = en;
			hasScannedForEncodings = 0;
			knownRegions = (
				en,
				Base,
			);
			mainGroup = 2DE774D825CFD10F008B0B40;
			productRefGroup = 2DE774E225CFD10F008B0B40 /* Products */;
			projectDirPath = "";
			projectRoot = "";
			targets = (
				2DE774E025CFD10F008B0B40 /* todomvc-swiftui */,
				2DE774F625CFD111008B0B40 /* todomvc-swiftuiTests */,
				2DE7750125CFD111008B0B40 /* todomvc-swiftuiUITests */,
			);
		};
/* End PBXProject section */

/* Begin PBXResourcesBuildPhase section */
		2DE774DF25CFD10F008B0B40 /* Resources */ = {
			isa = PBXResourcesBuildPhase;
			buildActionMask = 2147483647;
			files = (
				2DE774EC25CFD111008B0B40 /* Preview Assets.xcassets in Resources */,
				2DE774E925CFD111008B0B40 /* Assets.xcassets in Resources */,
			);
			runOnlyForDeploymentPostprocessing = 0;
		};
		2DE774F525CFD111008B0B40 /* Resources */ = {
			isa = PBXResourcesBuildPhase;
			buildActionMask = 2147483647;
			files = (
			);
			runOnlyForDeploymentPostprocessing = 0;
		};
		2DE7750025CFD111008B0B40 /* Resources */ = {
			isa = PBXResourcesBuildPhase;
			buildActionMask = 2147483647;
			files = (
			);
			runOnlyForDeploymentPostprocessing = 0;
		};
/* End PBXResourcesBuildPhase section */

/* Begin PBXSourcesBuildPhase section */
		2DE774DD25CFD10F008B0B40 /* Sources */ = {
			isa = PBXSourcesBuildPhase;
			buildActionMask = 2147483647;
			files = (
				2DE774EE25CFD111008B0B40 /* Persistence.swift in Sources */,
				2DE774E725CFD10F008B0B40 /* ContentView.swift in Sources */,
				2DE774F125CFD111008B0B40 /* todomvc_swiftui.xcdatamodeld in Sources */,
				2DE7752A25CFD499008B0B40 /* HomeView.swift in Sources */,
				2DE774E525CFD10F008B0B40 /* todomvc_swiftuiApp.swift in Sources */,
			);
			runOnlyForDeploymentPostprocessing = 0;
		};
		2DE774F325CFD111008B0B40 /* Sources */ = {
			isa = PBXSourcesBuildPhase;
			buildActionMask = 2147483647;
			files = (
				2DE774FC25CFD111008B0B40 /* todomvc_swiftuiTests.swift in Sources */,
			);
			runOnlyForDeploymentPostprocessing = 0;
		};
		2DE774FE25CFD111008B0B40 /* Sources */ = {
			isa = PBXSourcesBuildPhase;
			buildActionMask = 2147483647;
			files = (
				2DE7750725CFD111008B0B40 /* todomvc_swiftuiUITests.swift in Sources */,
			);
			runOnlyForDeploymentPostprocessing = 0;
		};
/* End PBXSourcesBuildPhase section */

/* Begin PBXTargetDependency section */
		2DE774F925CFD111008B0B40 /* PBXTargetDependency */ = {
			isa = PBXTargetDependency;
			target = 2DE774E025CFD10F008B0B40 /* todomvc-swiftui */;
			targetProxy = 2DE774F825CFD111008B0B40 /* PBXContainerItemProxy */;
		};
		2DE7750425CFD111008B0B40 /* PBXTargetDependency */ = {
			isa = PBXTargetDependency;
			target = 2DE774E025CFD10F008B0B40 /* todomvc-swiftui */;
			targetProxy = 2DE7750325CFD111008B0B40 /* PBXContainerItemProxy */;
		};
/* End PBXTargetDependency section */

/* Begin XCBuildConfiguration section */
		2DE7750925CFD111008B0B40 /* Debug */ = {
			isa = XCBuildConfiguration;
			buildSettings = {
				ALWAYS_SEARCH_USER_PATHS = NO;
				CLANG_ANALYZER_NONNULL = YES;
				CLANG_ANALYZER_NUMBER_OBJECT_CONVERSION = YES_AGGRESSIVE;
				CLANG_CXX_LANGUAGE_STANDARD = "gnu++14";
				CLANG_CXX_LIBRARY = "libc++";
				CLANG_ENABLE_MODULES = YES;
				CLANG_ENABLE_OBJC_ARC = YES;
				CLANG_ENABLE_OBJC_WEAK = YES;
				CLANG_WARN_BLOCK_CAPTURE_AUTORELEASING = YES;
				CLANG_WARN_BOOL_CONVERSION = YES;
				CLANG_WARN_COMMA = YES;
				CLANG_WARN_CONSTANT_CONVERSION = YES;
				CLANG_WARN_DEPRECATED_OBJC_IMPLEMENTATIONS = YES;
				CLANG_WARN_DIRECT_OBJC_ISA_USAGE = YES_ERROR;
				CLANG_WARN_DOCUMENTATION_COMMENTS = YES;
				CLANG_WARN_EMPTY_BODY = YES;
				CLANG_WARN_ENUM_CONVERSION = YES;
				CLANG_WARN_INFINITE_RECURSION = YES;
				CLANG_WARN_INT_CONVERSION = YES;
				CLANG_WARN_NON_LITERAL_NULL_CONVERSION = YES;
				CLANG_WARN_OBJC_IMPLICIT_RETAIN_SELF = YES;
				CLANG_WARN_OBJC_LITERAL_CONVERSION = YES;
				CLANG_WARN_OBJC_ROOT_CLASS = YES_ERROR;
				CLANG_WARN_QUOTED_INCLUDE_IN_FRAMEWORK_HEADER = YES;
				CLANG_WARN_RANGE_LOOP_ANALYSIS = YES;
				CLANG_WARN_STRICT_PROTOTYPES = YES;
				CLANG_WARN_SUSPICIOUS_MOVE = YES;
				CLANG_WARN_UNGUARDED_AVAILABILITY = YES_AGGRESSIVE;
				CLANG_WARN_UNREACHABLE_CODE = YES;
				CLANG_WARN__DUPLICATE_METHOD_MATCH = YES;
				COPY_PHASE_STRIP = NO;
				DEBUG_INFORMATION_FORMAT = dwarf;
				ENABLE_STRICT_OBJC_MSGSEND = YES;
				ENABLE_TESTABILITY = YES;
				GCC_C_LANGUAGE_STANDARD = gnu11;
				GCC_DYNAMIC_NO_PIC = NO;
				GCC_NO_COMMON_BLOCKS = YES;
				GCC_OPTIMIZATION_LEVEL = 0;
				GCC_PREPROCESSOR_DEFINITIONS = (
					"DEBUG=1",
					"$(inherited)",
				);
				GCC_WARN_64_TO_32_BIT_CONVERSION = YES;
				GCC_WARN_ABOUT_RETURN_TYPE = YES_ERROR;
				GCC_WARN_UNDECLARED_SELECTOR = YES;
				GCC_WARN_UNINITIALIZED_AUTOS = YES_AGGRESSIVE;
				GCC_WARN_UNUSED_FUNCTION = YES;
				GCC_WARN_UNUSED_VARIABLE = YES;
				IPHONEOS_DEPLOYMENT_TARGET = 14.4;
				MTL_ENABLE_DEBUG_INFO = INCLUDE_SOURCE;
				MTL_FAST_MATH = YES;
				ONLY_ACTIVE_ARCH = YES;
				SDKROOT = iphoneos;
				SWIFT_ACTIVE_COMPILATION_CONDITIONS = DEBUG;
				SWIFT_OPTIMIZATION_LEVEL = "-Onone";
			};
			name = Debug;
		};
		2DE7750A25CFD111008B0B40 /* Release */ = {
			isa = XCBuildConfiguration;
			buildSettings = {
				ALWAYS_SEARCH_USER_PATHS = NO;
				CLANG_ANALYZER_NONNULL = YES;
				CLANG_ANALYZER_NUMBER_OBJECT_CONVERSION = YES_AGGRESSIVE;
				CLANG_CXX_LANGUAGE_STANDARD = "gnu++14";
				CLANG_CXX_LIBRARY = "libc++";
				CLANG_ENABLE_MODULES = YES;
				CLANG_ENABLE_OBJC_ARC = YES;
				CLANG_ENABLE_OBJC_WEAK = YES;
				CLANG_WARN_BLOCK_CAPTURE_AUTORELEASING = YES;
				CLANG_WARN_BOOL_CONVERSION = YES;
				CLANG_WARN_COMMA = YES;
				CLANG_WARN_CONSTANT_CONVERSION = YES;
				CLANG_WARN_DEPRECATED_OBJC_IMPLEMENTATIONS = YES;
				CLANG_WARN_DIRECT_OBJC_ISA_USAGE = YES_ERROR;
				CLANG_WARN_DOCUMENTATION_COMMENTS = YES;
				CLANG_WARN_EMPTY_BODY = YES;
				CLANG_WARN_ENUM_CONVERSION = YES;
				CLANG_WARN_INFINITE_RECURSION = YES;
				CLANG_WARN_INT_CONVERSION = YES;
				CLANG_WARN_NON_LITERAL_NULL_CONVERSION = YES;
				CLANG_WARN_OBJC_IMPLICIT_RETAIN_SELF = YES;
				CLANG_WARN_OBJC_LITERAL_CONVERSION = YES;
				CLANG_WARN_OBJC_ROOT_CLASS = YES_ERROR;
				CLANG_WARN_QUOTED_INCLUDE_IN_FRAMEWORK_HEADER = YES;
				CLANG_WARN_RANGE_LOOP_ANALYSIS = YES;
				CLANG_WARN_STRICT_PROTOTYPES = YES;
				CLANG_WARN_SUSPICIOUS_MOVE = YES;
				CLANG_WARN_UNGUARDED_AVAILABILITY = YES_AGGRESSIVE;
				CLANG_WARN_UNREACHABLE_CODE = YES;
				CLANG_WARN__DUPLICATE_METHOD_MATCH = YES;
				COPY_PHASE_STRIP = NO;
				DEBUG_INFORMATION_FORMAT = "dwarf-with-dsym";
				ENABLE_NS_ASSERTIONS = NO;
				ENABLE_STRICT_OBJC_MSGSEND = YES;
				GCC_C_LANGUAGE_STANDARD = gnu11;
				GCC_NO_COMMON_BLOCKS = YES;
				GCC_WARN_64_TO_32_BIT_CONVERSION = YES;
				GCC_WARN_ABOUT_RETURN_TYPE = YES_ERROR;
				GCC_WARN_UNDECLARED_SELECTOR = YES;
				GCC_WARN_UNINITIALIZED_AUTOS = YES_AGGRESSIVE;
				GCC_WARN_UNUSED_FUNCTION = YES;
				GCC_WARN_UNUSED_VARIABLE = YES;
				IPHONEOS_DEPLOYMENT_TARGET = 14.4;
				MTL_ENABLE_DEBUG_INFO = NO;
				MTL_FAST_MATH = YES;
				SDKROOT = iphoneos;
				SWIFT_COMPILATION_MODE = wholemodule;
				SWIFT_OPTIMIZATION_LEVEL = "-O";
				VALIDATE_PRODUCT = YES;
			};
			name = Release;
		};
		2DE7750C25CFD111008B0B40 /* Debug */ = {
			isa = XCBuildConfiguration;
			buildSettings = {
				ASSETCATALOG_COMPILER_APPICON_NAME = AppIcon;
				ASSETCATALOG_COMPILER_GLOBAL_ACCENT_COLOR_NAME = AccentColor;
				CODE_SIGN_ENTITLEMENTS = "todomvc-swiftui/todomvc-swiftui.entitlements";
				CODE_SIGN_STYLE = Automatic;
				DEVELOPMENT_ASSET_PATHS = "\"todomvc-swiftui/Preview Content\"";
				DEVELOPMENT_TEAM = 56CMN4MC84;
				ENABLE_PREVIEWS = YES;
				INFOPLIST_FILE = "todomvc-swiftui/Info.plist";
				IPHONEOS_DEPLOYMENT_TARGET = 14.0;
				LD_RUNPATH_SEARCH_PATHS = (
					"$(inherited)",
					"@executable_path/Frameworks",
				);
				MARKETING_VERSION = 0.1;
				PRODUCT_BUNDLE_IDENTIFIER = "com.ryanzzff.todomvc-swiftui";
				PRODUCT_NAME = "$(TARGET_NAME)";
				SUPPORTS_MACCATALYST = YES;
				SWIFT_VERSION = 5.0;
				TARGETED_DEVICE_FAMILY = "1,2";
			};
			name = Debug;
		};
		2DE7750D25CFD111008B0B40 /* Release */ = {
			isa = XCBuildConfiguration;
			buildSettings = {
				ASSETCATALOG_COMPILER_APPICON_NAME = AppIcon;
				ASSETCATALOG_COMPILER_GLOBAL_ACCENT_COLOR_NAME = AccentColor;
				CODE_SIGN_ENTITLEMENTS = "todomvc-swiftui/todomvc-swiftui.entitlements";
				CODE_SIGN_STYLE = Automatic;
				DEVELOPMENT_ASSET_PATHS = "\"todomvc-swiftui/Preview Content\"";
				DEVELOPMENT_TEAM = 56CMN4MC84;
				ENABLE_PREVIEWS = YES;
				INFOPLIST_FILE = "todomvc-swiftui/Info.plist";
				IPHONEOS_DEPLOYMENT_TARGET = 14.0;
				LD_RUNPATH_SEARCH_PATHS = (
					"$(inherited)",
					"@executable_path/Frameworks",
				);
				MARKETING_VERSION = 0.1;
				PRODUCT_BUNDLE_IDENTIFIER = "com.ryanzzff.todomvc-swiftui";
				PRODUCT_NAME = "$(TARGET_NAME)";
				SUPPORTS_MACCATALYST = YES;
				SWIFT_VERSION = 5.0;
				TARGETED_DEVICE_FAMILY = "1,2";
			};
			name = Release;
		};
		2DE7750F25CFD111008B0B40 /* Debug */ = {
			isa = XCBuildConfiguration;
			buildSettings = {
				ALWAYS_EMBED_SWIFT_STANDARD_LIBRARIES = YES;
				BUNDLE_LOADER = "$(TEST_HOST)";
				CODE_SIGN_STYLE = Automatic;
				DEVELOPMENT_TEAM = 56CMN4MC84;
				INFOPLIST_FILE = "todomvc-swiftuiTests/Info.plist";
				IPHONEOS_DEPLOYMENT_TARGET = 14.0;
				LD_RUNPATH_SEARCH_PATHS = (
					"$(inherited)",
					"@executable_path/Frameworks",
					"@loader_path/Frameworks",
				);
				PRODUCT_BUNDLE_IDENTIFIER = "com.ryanzzff.todomvc-swiftuiTests";
				PRODUCT_NAME = "$(TARGET_NAME)";
				SWIFT_VERSION = 5.0;
				TARGETED_DEVICE_FAMILY = "1,2";
				TEST_HOST = "$(BUILT_PRODUCTS_DIR)/todomvc-swiftui.app/todomvc-swiftui";
			};
			name = Debug;
		};
		2DE7751025CFD111008B0B40 /* Release */ = {
			isa = XCBuildConfiguration;
			buildSettings = {
				ALWAYS_EMBED_SWIFT_STANDARD_LIBRARIES = YES;
				BUNDLE_LOADER = "$(TEST_HOST)";
				CODE_SIGN_STYLE = Automatic;
				DEVELOPMENT_TEAM = 56CMN4MC84;
				INFOPLIST_FILE = "todomvc-swiftuiTests/Info.plist";
				IPHONEOS_DEPLOYMENT_TARGET = 14.0;
				LD_RUNPATH_SEARCH_PATHS = (
					"$(inherited)",
					"@executable_path/Frameworks",
					"@loader_path/Frameworks",
				);
				PRODUCT_BUNDLE_IDENTIFIER = "com.ryanzzff.todomvc-swiftuiTests";
				PRODUCT_NAME = "$(TARGET_NAME)";
				SWIFT_VERSION = 5.0;
				TARGETED_DEVICE_FAMILY = "1,2";
				TEST_HOST = "$(BUILT_PRODUCTS_DIR)/todomvc-swiftui.app/todomvc-swiftui";
			};
			name = Release;
		};
		2DE7751225CFD111008B0B40 /* Debug */ = {
			isa = XCBuildConfiguration;
			buildSettings = {
				ALWAYS_EMBED_SWIFT_STANDARD_LIBRARIES = YES;
				CODE_SIGN_STYLE = Automatic;
				DEVELOPMENT_TEAM = 56CMN4MC84;
				INFOPLIST_FILE = "todomvc-swiftuiUITests/Info.plist";
				LD_RUNPATH_SEARCH_PATHS = (
					"$(inherited)",
					"@executable_path/Frameworks",
					"@loader_path/Frameworks",
				);
				PRODUCT_BUNDLE_IDENTIFIER = "com.ryanzzff.todomvc-swiftuiUITests";
				PRODUCT_NAME = "$(TARGET_NAME)";
				SWIFT_VERSION = 5.0;
				TARGETED_DEVICE_FAMILY = "1,2";
				TEST_TARGET_NAME = "todomvc-swiftui";
			};
			name = Debug;
		};
		2DE7751325CFD111008B0B40 /* Release */ = {
			isa = XCBuildConfiguration;
			buildSettings = {
				ALWAYS_EMBED_SWIFT_STANDARD_LIBRARIES = YES;
				CODE_SIGN_STYLE = Automatic;
				DEVELOPMENT_TEAM = 56CMN4MC84;
				INFOPLIST_FILE = "todomvc-swiftuiUITests/Info.plist";
				LD_RUNPATH_SEARCH_PATHS = (
					"$(inherited)",
					"@executable_path/Frameworks",
					"@loader_path/Frameworks",
				);
				PRODUCT_BUNDLE_IDENTIFIER = "com.ryanzzff.todomvc-swiftuiUITests";
				PRODUCT_NAME = "$(TARGET_NAME)";
				SWIFT_VERSION = 5.0;
				TARGETED_DEVICE_FAMILY = "1,2";
				TEST_TARGET_NAME = "todomvc-swiftui";
			};
			name = Release;
		};
/* End XCBuildConfiguration section */

/* Begin XCConfigurationList section */
		2DE774DC25CFD10F008B0B40 /* Build configuration list for PBXProject "todomvc-swiftui" */ = {
			isa = XCConfigurationList;
			buildConfigurations = (
				2DE7750925CFD111008B0B40 /* Debug */,
				2DE7750A25CFD111008B0B40 /* Release */,
			);
			defaultConfigurationIsVisible = 0;
			defaultConfigurationName = Release;
		};
		2DE7750B25CFD111008B0B40 /* Build configuration list for PBXNativeTarget "todomvc-swiftui" */ = {
			isa = XCConfigurationList;
			buildConfigurations = (
				2DE7750C25CFD111008B0B40 /* Debug */,
				2DE7750D25CFD111008B0B40 /* Release */,
			);
			defaultConfigurationIsVisible = 0;
			defaultConfigurationName = Release;
		};
		2DE7750E25CFD111008B0B40 /* Build configuration list for PBXNativeTarget "todomvc-swiftuiTests" */ = {
			isa = XCConfigurationList;
			buildConfigurations = (
				2DE7750F25CFD111008B0B40 /* Debug */,
				2DE7751025CFD111008B0B40 /* Release */,
			);
			defaultConfigurationIsVisible = 0;
			defaultConfigurationName = Release;
		};
		2DE7751125CFD111008B0B40 /* Build configuration list for PBXNativeTarget "todomvc-swiftuiUITests" */ = {
			isa = XCConfigurationList;
			buildConfigurations = (
				2DE7751225CFD111008B0B40 /* Debug */,
				2DE7751325CFD111008B0B40 /* Release */,
			);
			defaultConfigurationIsVisible = 0;
			defaultConfigurationName = Release;
		};
/* End XCConfigurationList section */

/* Begin XCVersionGroup section */
		2DE774EF25CFD111008B0B40 /* todomvc_swiftui.xcdatamodeld */ = {
			isa = XCVersionGroup;
			children = (
				2DE774F025CFD111008B0B40 /* todomvc_swiftui.xcdatamodel */,
			);
			currentVersion = 2DE774F025CFD111008B0B40 /* todomvc_swiftui.xcdatamodel */;
			path = todomvc_swiftui.xcdatamodeld;
			sourceTree = "<group>";
			versionGroupType = wrapper.xcdatamodel;
		};
/* End XCVersionGroup section */
	};
	rootObject = 2DE774D925CFD10F008B0B40 /* Project object */;
}
